// !$*UTF8*$!
{
	archiveVersion = 1;
	classes = {
	};
	objectVersion = 56;
	objects = {

/* Begin PBXBuildFile section */
		922370332B636BB4006C6DFF /* ComputerSleepAndLock.swift in Sources */ = {isa = PBXBuildFile; fileRef = 922370322B636BB4006C6DFF /* ComputerSleepAndLock.swift */; };
		922370352B636BF9006C6DFF /* Logging.swift in Sources */ = {isa = PBXBuildFile; fileRef = 922370342B636BF9006C6DFF /* Logging.swift */; };
		922370372B63CEB1006C6DFF /* LocalizedView.swift in Sources */ = {isa = PBXBuildFile; fileRef = 922370362B63CEB1006C6DFF /* LocalizedView.swift */; };
		923B3A382B5F35CA005E4F56 /* Alerts.swift in Sources */ = {isa = PBXBuildFile; fileRef = 923B3A372B5F35CA005E4F56 /* Alerts.swift */; };
		92A92FB62B6159F60028663F /* TaskTimeout.swift in Sources */ = {isa = PBXBuildFile; fileRef = 92A92FB52B6159F60028663F /* TaskTimeout.swift */; };
		92B1F4BE2B581B1400223D89 /* App.swift in Sources */ = {isa = PBXBuildFile; fileRef = 92B1F4BD2B581B1400223D89 /* App.swift */; };
		92B1F4C22B581B1500223D89 /* Assets.xcassets in Resources */ = {isa = PBXBuildFile; fileRef = 92B1F4C12B581B1500223D89 /* Assets.xcassets */; };
		92B25ECF2B61D72100AD48B2 /* Documentation.swift in Sources */ = {isa = PBXBuildFile; fileRef = 92B25ECE2B61D72100AD48B2 /* Documentation.swift */; };
		92D07CEE2B59A00C00124B9D /* LayoutSidebar.swift in Sources */ = {isa = PBXBuildFile; fileRef = 92D07CED2B59A00C00124B9D /* LayoutSidebar.swift */; };
		92D07CF12B59A12D00124B9D /* DynamicIcon.swift in Sources */ = {isa = PBXBuildFile; fileRef = 92D07CF02B59A12D00124B9D /* DynamicIcon.swift */; };
		92D07CF32B59B98100124B9D /* BlurGradientBackground.swift in Sources */ = {isa = PBXBuildFile; fileRef = 92D07CF22B59B98100124B9D /* BlurGradientBackground.swift */; };
		92D07CF62B59CC4000124B9D /* CustomAboutPanel.swift in Sources */ = {isa = PBXBuildFile; fileRef = 92D07CF52B59CC4000124B9D /* CustomAboutPanel.swift */; };
		92D07CFA2B59D94C00124B9D /* ConfirmationSheet.swift in Sources */ = {isa = PBXBuildFile; fileRef = 92D07CF92B59D94C00124B9D /* ConfirmationSheet.swift */; };
		92D3F3052B6D9AC800208642 /* MainActorTaskDetach.swift in Sources */ = {isa = PBXBuildFile; fileRef = 92D3F3042B6D9AC800208642 /* MainActorTaskDetach.swift */; };
		92D3F3102B70250300208642 /* DNSResolver.swift in Sources */ = {isa = PBXBuildFile; fileRef = 92D3F30F2B70250300208642 /* DNSResolver.swift */; };
		92D3F3132B70266C00208642 /* AsyncDNSResolver in Frameworks */ = {isa = PBXBuildFile; productRef = 92D3F3122B70266C00208642 /* AsyncDNSResolver */; };
/* End PBXBuildFile section */

/* Begin PBXFileReference section */
		922370322B636BB4006C6DFF /* ComputerSleepAndLock.swift */ = {isa = PBXFileReference; lastKnownFileType = sourcecode.swift; path = ComputerSleepAndLock.swift; sourceTree = "<group>"; };
		922370342B636BF9006C6DFF /* Logging.swift */ = {isa = PBXFileReference; lastKnownFileType = sourcecode.swift; path = Logging.swift; sourceTree = "<group>"; };
		922370362B63CEB1006C6DFF /* LocalizedView.swift */ = {isa = PBXFileReference; lastKnownFileType = sourcecode.swift; path = LocalizedView.swift; sourceTree = "<group>"; };
		923B3A372B5F35CA005E4F56 /* Alerts.swift */ = {isa = PBXFileReference; lastKnownFileType = sourcecode.swift; path = Alerts.swift; sourceTree = "<group>"; };
		92A92FB42B6155D90028663F /* LEARN.md */ = {isa = PBXFileReference; lastKnownFileType = net.daringfireball.markdown; path = LEARN.md; sourceTree = "<group>"; };
		92A92FB52B6159F60028663F /* TaskTimeout.swift */ = {isa = PBXFileReference; lastKnownFileType = sourcecode.swift; path = TaskTimeout.swift; sourceTree = "<group>"; };
		92B1F4BA2B581B1400223D89 /* SwiftPatterns.app */ = {isa = PBXFileReference; explicitFileType = wrapper.application; includeInIndex = 0; path = SwiftPatterns.app; sourceTree = BUILT_PRODUCTS_DIR; };
		92B1F4BD2B581B1400223D89 /* App.swift */ = {isa = PBXFileReference; lastKnownFileType = sourcecode.swift; path = App.swift; sourceTree = "<group>"; };
		92B1F4C12B581B1500223D89 /* Assets.xcassets */ = {isa = PBXFileReference; lastKnownFileType = folder.assetcatalog; path = Assets.xcassets; sourceTree = "<group>"; };
		92B1F4C62B581B1500223D89 /* SwiftPatterns.entitlements */ = {isa = PBXFileReference; lastKnownFileType = text.plist.entitlements; path = SwiftPatterns.entitlements; sourceTree = "<group>"; };
		92B25ECE2B61D72100AD48B2 /* Documentation.swift */ = {isa = PBXFileReference; lastKnownFileType = sourcecode.swift; path = Documentation.swift; sourceTree = "<group>"; };
		92C79DE02B67DFC6002D17C7 /* README.md */ = {isa = PBXFileReference; lastKnownFileType = net.daringfireball.markdown; path = README.md; sourceTree = SOURCE_ROOT; };
		92D07CED2B59A00C00124B9D /* LayoutSidebar.swift */ = {isa = PBXFileReference; lastKnownFileType = sourcecode.swift; path = LayoutSidebar.swift; sourceTree = "<group>"; };
		92D07CF02B59A12D00124B9D /* DynamicIcon.swift */ = {isa = PBXFileReference; lastKnownFileType = sourcecode.swift; path = DynamicIcon.swift; sourceTree = "<group>"; };
		92D07CF22B59B98100124B9D /* BlurGradientBackground.swift */ = {isa = PBXFileReference; lastKnownFileType = sourcecode.swift; path = BlurGradientBackground.swift; sourceTree = "<group>"; };
		92D07CF52B59CC4000124B9D /* CustomAboutPanel.swift */ = {isa = PBXFileReference; lastKnownFileType = sourcecode.swift; path = CustomAboutPanel.swift; sourceTree = "<group>"; };
		92D07CF92B59D94C00124B9D /* ConfirmationSheet.swift */ = {isa = PBXFileReference; lastKnownFileType = sourcecode.swift; path = ConfirmationSheet.swift; sourceTree = "<group>"; };
		92D3F3042B6D9AC800208642 /* MainActorTaskDetach.swift */ = {isa = PBXFileReference; lastKnownFileType = sourcecode.swift; path = MainActorTaskDetach.swift; sourceTree = "<group>"; };
		92D3F30F2B70250300208642 /* DNSResolver.swift */ = {isa = PBXFileReference; lastKnownFileType = sourcecode.swift; path = DNSResolver.swift; sourceTree = "<group>"; };
/* End PBXFileReference section */

/* Begin PBXFrameworksBuildPhase section */
		92B1F4B72B581B1400223D89 /* Frameworks */ = {
			isa = PBXFrameworksBuildPhase;
			buildActionMask = 2147483647;
			files = (
				92D3F3132B70266C00208642 /* AsyncDNSResolver in Frameworks */,
			);
			runOnlyForDeploymentPostprocessing = 0;
		};
/* End PBXFrameworksBuildPhase section */

/* Begin PBXGroup section */
		92B1F4B12B581B1400223D89 = {
			isa = PBXGroup;
			children = (
				92C79DE02B67DFC6002D17C7 /* README.md */,
				92A92FB42B6155D90028663F /* LEARN.md */,
				92B1F4BC2B581B1400223D89 /* SwiftPatterns */,
				92B1F4BB2B581B1400223D89 /* Products */,
			);
			sourceTree = "<group>";
		};
		92B1F4BB2B581B1400223D89 /* Products */ = {
			isa = PBXGroup;
			children = (
				92B1F4BA2B581B1400223D89 /* SwiftPatterns.app */,
			);
			name = Products;
			sourceTree = "<group>";
		};
		92B1F4BC2B581B1400223D89 /* SwiftPatterns */ = {
			isa = PBXGroup;
			children = (
				92B1F4BD2B581B1400223D89 /* App.swift */,
				92C79DE12B67E053002D17C7 /* Swift */,
				92D07CEF2B59A10900124B9D /* SwiftUI */,
				92C79DE22B67E06D002D17C7 /* System */,
				92B1F4C12B581B1500223D89 /* Assets.xcassets */,
				92B1F4C62B581B1500223D89 /* SwiftPatterns.entitlements */,
				92D07CF42B59BA0400124B9D /* Preview Content */,
			);
			path = SwiftPatterns;
			sourceTree = "<group>";
		};
		92C79DE12B67E053002D17C7 /* Swift */ = {
			isa = PBXGroup;
			children = (
				922370342B636BF9006C6DFF /* Logging.swift */,
				92B25ECE2B61D72100AD48B2 /* Documentation.swift */,
				92A92FB52B6159F60028663F /* TaskTimeout.swift */,
				92D3F30F2B70250300208642 /* DNSResolver.swift */,
			);
			path = Swift;
			sourceTree = "<group>";
		};
		92C79DE22B67E06D002D17C7 /* System */ = {
			isa = PBXGroup;
			children = (
				922370322B636BB4006C6DFF /* ComputerSleepAndLock.swift */,
			);
			path = System;
			sourceTree = "<group>";
		};
		92D07CEF2B59A10900124B9D /* SwiftUI */ = {
			isa = PBXGroup;
			children = (
				92D3F3042B6D9AC800208642 /* MainActorTaskDetach.swift */,
				92D07CED2B59A00C00124B9D /* LayoutSidebar.swift */,
				92D07CF02B59A12D00124B9D /* DynamicIcon.swift */,
				92D07CF22B59B98100124B9D /* BlurGradientBackground.swift */,
				92D07CF52B59CC4000124B9D /* CustomAboutPanel.swift */,
				92D07CF92B59D94C00124B9D /* ConfirmationSheet.swift */,
				923B3A372B5F35CA005E4F56 /* Alerts.swift */,
				922370362B63CEB1006C6DFF /* LocalizedView.swift */,
			);
			path = SwiftUI;
			sourceTree = "<group>";
		};
		92D07CF42B59BA0400124B9D /* Preview Content */ = {
			isa = PBXGroup;
			children = (
			);
			path = "Preview Content";
			sourceTree = "<group>";
		};
/* End PBXGroup section */

/* Begin PBXNativeTarget section */
		92B1F4B92B581B1400223D89 /* SwiftPatterns */ = {
			isa = PBXNativeTarget;
			buildConfigurationList = 92B1F4DF2B581B1500223D89 /* Build configuration list for PBXNativeTarget "SwiftPatterns" */;
			buildPhases = (
				92B1F4B62B581B1400223D89 /* Sources */,
				92B1F4B72B581B1400223D89 /* Frameworks */,
				92B1F4B82B581B1400223D89 /* Resources */,
			);
			buildRules = (
			);
			dependencies = (
			);
			name = SwiftPatterns;
			packageProductDependencies = (
				92D3F3122B70266C00208642 /* AsyncDNSResolver */,
			);
			productName = SwiftPatterns;
			productReference = 92B1F4BA2B581B1400223D89 /* SwiftPatterns.app */;
			productType = "com.apple.product-type.application";
		};
/* End PBXNativeTarget section */

/* Begin PBXProject section */
		92B1F4B22B581B1400223D89 /* Project object */ = {
			isa = PBXProject;
			attributes = {
				BuildIndependentTargetsInParallel = 1;
				LastSwiftUpdateCheck = 1520;
				LastUpgradeCheck = 1520;
				TargetAttributes = {
					92B1F4B92B581B1400223D89 = {
						CreatedOnToolsVersion = 15.2;
					};
				};
			};
			buildConfigurationList = 92B1F4B52B581B1400223D89 /* Build configuration list for PBXProject "SwiftPatterns" */;
			compatibilityVersion = "Xcode 14.0";
			developmentRegion = en;
			hasScannedForEncodings = 0;
			knownRegions = (
				en,
				Base,
			);
			mainGroup = 92B1F4B12B581B1400223D89;
			packageReferences = (
				92D3F3112B70266C00208642 /* XCRemoteSwiftPackageReference "swift-async-dns-resolver" */,
			);
			productRefGroup = 92B1F4BB2B581B1400223D89 /* Products */;
			projectDirPath = "";
			projectRoot = "";
			targets = (
				92B1F4B92B581B1400223D89 /* SwiftPatterns */,
			);
		};
/* End PBXProject section */

/* Begin PBXResourcesBuildPhase section */
		92B1F4B82B581B1400223D89 /* Resources */ = {
			isa = PBXResourcesBuildPhase;
			buildActionMask = 2147483647;
			files = (
				92B1F4C22B581B1500223D89 /* Assets.xcassets in Resources */,
			);
			runOnlyForDeploymentPostprocessing = 0;
		};
/* End PBXResourcesBuildPhase section */

/* Begin PBXSourcesBuildPhase section */
		92B1F4B62B581B1400223D89 /* Sources */ = {
			isa = PBXSourcesBuildPhase;
			buildActionMask = 2147483647;
			files = (
				92D07CFA2B59D94C00124B9D /* ConfirmationSheet.swift in Sources */,
				922370352B636BF9006C6DFF /* Logging.swift in Sources */,
				922370332B636BB4006C6DFF /* ComputerSleepAndLock.swift in Sources */,
				92B1F4BE2B581B1400223D89 /* App.swift in Sources */,
				92B25ECF2B61D72100AD48B2 /* Documentation.swift in Sources */,
				92D3F3052B6D9AC800208642 /* MainActorTaskDetach.swift in Sources */,
				92D07CF32B59B98100124B9D /* BlurGradientBackground.swift in Sources */,
				92D07CF62B59CC4000124B9D /* CustomAboutPanel.swift in Sources */,
				92D07CF12B59A12D00124B9D /* DynamicIcon.swift in Sources */,
				922370372B63CEB1006C6DFF /* LocalizedView.swift in Sources */,
				92D3F3102B70250300208642 /* DNSResolver.swift in Sources */,
				923B3A382B5F35CA005E4F56 /* Alerts.swift in Sources */,
				92A92FB62B6159F60028663F /* TaskTimeout.swift in Sources */,
				92D07CEE2B59A00C00124B9D /* LayoutSidebar.swift in Sources */,
			);
			runOnlyForDeploymentPostprocessing = 0;
		};
/* End PBXSourcesBuildPhase section */

/* Begin XCBuildConfiguration section */
		92B1F4DD2B581B1500223D89 /* Debug */ = {
			isa = XCBuildConfiguration;
			buildSettings = {
				ALWAYS_SEARCH_USER_PATHS = NO;
				ASSETCATALOG_COMPILER_GENERATE_SWIFT_ASSET_SYMBOL_EXTENSIONS = YES;
				CLANG_ANALYZER_NONNULL = YES;
				CLANG_ANALYZER_NUMBER_OBJECT_CONVERSION = YES_AGGRESSIVE;
				CLANG_CXX_LANGUAGE_STANDARD = "gnu++20";
				CLANG_ENABLE_MODULES = YES;
				CLANG_ENABLE_OBJC_ARC = YES;
				CLANG_ENABLE_OBJC_WEAK = YES;
				CLANG_WARN_BLOCK_CAPTURE_AUTORELEASING = YES;
				CLANG_WARN_BOOL_CONVERSION = YES;
				CLANG_WARN_COMMA = YES;
				CLANG_WARN_CONSTANT_CONVERSION = YES;
				CLANG_WARN_DEPRECATED_OBJC_IMPLEMENTATIONS = YES;
				CLANG_WARN_DIRECT_OBJC_ISA_USAGE = YES_ERROR;
				CLANG_WARN_DOCUMENTATION_COMMENTS = YES;
				CLANG_WARN_EMPTY_BODY = YES;
				CLANG_WARN_ENUM_CONVERSION = YES;
				CLANG_WARN_INFINITE_RECURSION = YES;
				CLANG_WARN_INT_CONVERSION = YES;
				CLANG_WARN_NON_LITERAL_NULL_CONVERSION = YES;
				CLANG_WARN_OBJC_IMPLICIT_RETAIN_SELF = YES;
				CLANG_WARN_OBJC_LITERAL_CONVERSION = YES;
				CLANG_WARN_OBJC_ROOT_CLASS = YES_ERROR;
				CLANG_WARN_QUOTED_INCLUDE_IN_FRAMEWORK_HEADER = YES;
				CLANG_WARN_RANGE_LOOP_ANALYSIS = YES;
				CLANG_WARN_STRICT_PROTOTYPES = YES;
				CLANG_WARN_SUSPICIOUS_MOVE = YES;
				CLANG_WARN_UNGUARDED_AVAILABILITY = YES_AGGRESSIVE;
				CLANG_WARN_UNREACHABLE_CODE = YES;
				CLANG_WARN__DUPLICATE_METHOD_MATCH = YES;
				COPY_PHASE_STRIP = NO;
				DEBUG_INFORMATION_FORMAT = dwarf;
				ENABLE_STRICT_OBJC_MSGSEND = YES;
				ENABLE_TESTABILITY = YES;
				ENABLE_USER_SCRIPT_SANDBOXING = YES;
				GCC_C_LANGUAGE_STANDARD = gnu17;
				GCC_DYNAMIC_NO_PIC = NO;
				GCC_NO_COMMON_BLOCKS = YES;
				GCC_OPTIMIZATION_LEVEL = 0;
				GCC_PREPROCESSOR_DEFINITIONS = (
					"DEBUG=1",
					"$(inherited)",
				);
				GCC_WARN_64_TO_32_BIT_CONVERSION = YES;
				GCC_WARN_ABOUT_RETURN_TYPE = YES_ERROR;
				GCC_WARN_UNDECLARED_SELECTOR = YES;
				GCC_WARN_UNINITIALIZED_AUTOS = YES_AGGRESSIVE;
				GCC_WARN_UNUSED_FUNCTION = YES;
				GCC_WARN_UNUSED_VARIABLE = YES;
				LOCALIZATION_PREFERS_STRING_CATALOGS = YES;
				MACOSX_DEPLOYMENT_TARGET = 14.2;
				MTL_ENABLE_DEBUG_INFO = INCLUDE_SOURCE;
				MTL_FAST_MATH = YES;
				ONLY_ACTIVE_ARCH = YES;
				SDKROOT = macosx;
				SWIFT_ACTIVE_COMPILATION_CONDITIONS = "DEBUG $(inherited)";
				SWIFT_OPTIMIZATION_LEVEL = "-Onone";
			};
			name = Debug;
		};
		92B1F4DE2B581B1500223D89 /* Release */ = {
			isa = XCBuildConfiguration;
			buildSettings = {
				ALWAYS_SEARCH_USER_PATHS = NO;
				ASSETCATALOG_COMPILER_GENERATE_SWIFT_ASSET_SYMBOL_EXTENSIONS = YES;
				CLANG_ANALYZER_NONNULL = YES;
				CLANG_ANALYZER_NUMBER_OBJECT_CONVERSION = YES_AGGRESSIVE;
				CLANG_CXX_LANGUAGE_STANDARD = "gnu++20";
				CLANG_ENABLE_MODULES = YES;
				CLANG_ENABLE_OBJC_ARC = YES;
				CLANG_ENABLE_OBJC_WEAK = YES;
				CLANG_WARN_BLOCK_CAPTURE_AUTORELEASING = YES;
				CLANG_WARN_BOOL_CONVERSION = YES;
				CLANG_WARN_COMMA = YES;
				CLANG_WARN_CONSTANT_CONVERSION = YES;
				CLANG_WARN_DEPRECATED_OBJC_IMPLEMENTATIONS = YES;
				CLANG_WARN_DIRECT_OBJC_ISA_USAGE = YES_ERROR;
				CLANG_WARN_DOCUMENTATION_COMMENTS = YES;
				CLANG_WARN_EMPTY_BODY = YES;
				CLANG_WARN_ENUM_CONVERSION = YES;
				CLANG_WARN_INFINITE_RECURSION = YES;
				CLANG_WARN_INT_CONVERSION = YES;
				CLANG_WARN_NON_LITERAL_NULL_CONVERSION = YES;
				CLANG_WARN_OBJC_IMPLICIT_RETAIN_SELF = YES;
				CLANG_WARN_OBJC_LITERAL_CONVERSION = YES;
				CLANG_WARN_OBJC_ROOT_CLASS = YES_ERROR;
				CLANG_WARN_QUOTED_INCLUDE_IN_FRAMEWORK_HEADER = YES;
				CLANG_WARN_RANGE_LOOP_ANALYSIS = YES;
				CLANG_WARN_STRICT_PROTOTYPES = YES;
				CLANG_WARN_SUSPICIOUS_MOVE = YES;
				CLANG_WARN_UNGUARDED_AVAILABILITY = YES_AGGRESSIVE;
				CLANG_WARN_UNREACHABLE_CODE = YES;
				CLANG_WARN__DUPLICATE_METHOD_MATCH = YES;
				COPY_PHASE_STRIP = NO;
				DEBUG_INFORMATION_FORMAT = "dwarf-with-dsym";
				ENABLE_NS_ASSERTIONS = NO;
				ENABLE_STRICT_OBJC_MSGSEND = YES;
				ENABLE_USER_SCRIPT_SANDBOXING = YES;
				GCC_C_LANGUAGE_STANDARD = gnu17;
				GCC_NO_COMMON_BLOCKS = YES;
				GCC_WARN_64_TO_32_BIT_CONVERSION = YES;
				GCC_WARN_ABOUT_RETURN_TYPE = YES_ERROR;
				GCC_WARN_UNDECLARED_SELECTOR = YES;
				GCC_WARN_UNINITIALIZED_AUTOS = YES_AGGRESSIVE;
				GCC_WARN_UNUSED_FUNCTION = YES;
				GCC_WARN_UNUSED_VARIABLE = YES;
				LOCALIZATION_PREFERS_STRING_CATALOGS = YES;
				MACOSX_DEPLOYMENT_TARGET = 14.2;
				MTL_ENABLE_DEBUG_INFO = NO;
				MTL_FAST_MATH = YES;
				SDKROOT = macosx;
				SWIFT_COMPILATION_MODE = wholemodule;
			};
			name = Release;
		};
		92B1F4E02B581B1500223D89 /* Debug */ = {
			isa = XCBuildConfiguration;
			buildSettings = {
				ASSETCATALOG_COMPILER_APPICON_NAME = AppIcon;
				ASSETCATALOG_COMPILER_GLOBAL_ACCENT_COLOR_NAME = AccentColor;
				CODE_SIGN_ENTITLEMENTS = SwiftPatterns/SwiftPatterns.entitlements;
				CODE_SIGN_STYLE = Automatic;
				COMBINE_HIDPI_IMAGES = YES;
				CURRENT_PROJECT_VERSION = 1;
				DEVELOPMENT_ASSET_PATHS = "\"SwiftPatterns/Preview Content\"";
				DEVELOPMENT_TEAM = 342U2GAJ2T;
				ENABLE_HARDENED_RUNTIME = YES;
				ENABLE_PREVIEWS = YES;
				GENERATE_INFOPLIST_FILE = YES;
				INFOPLIST_KEY_NSHumanReadableCopyright = "";
				LD_RUNPATH_SEARCH_PATHS = (
					"$(inherited)",
					"@executable_path/../Frameworks",
				);
				MARKETING_VERSION = 1.0;
				PRODUCT_BUNDLE_IDENTIFIER = software.Terran.SwiftPatterns;
				PRODUCT_NAME = "$(TARGET_NAME)";
				SWIFT_EMIT_LOC_STRINGS = YES;
				SWIFT_VERSION = 5.0;
			};
			name = Debug;
		};
		92B1F4E12B581B1500223D89 /* Release */ = {
			isa = XCBuildConfiguration;
			buildSettings = {
				ASSETCATALOG_COMPILER_APPICON_NAME = AppIcon;
				ASSETCATALOG_COMPILER_GLOBAL_ACCENT_COLOR_NAME = AccentColor;
				CODE_SIGN_ENTITLEMENTS = SwiftPatterns/SwiftPatterns.entitlements;
				CODE_SIGN_STYLE = Automatic;
				COMBINE_HIDPI_IMAGES = YES;
				CURRENT_PROJECT_VERSION = 1;
				DEVELOPMENT_ASSET_PATHS = "\"SwiftPatterns/Preview Content\"";
				DEVELOPMENT_TEAM = 342U2GAJ2T;
				ENABLE_HARDENED_RUNTIME = YES;
				ENABLE_PREVIEWS = YES;
				GENERATE_INFOPLIST_FILE = YES;
				INFOPLIST_KEY_NSHumanReadableCopyright = "";
				LD_RUNPATH_SEARCH_PATHS = (
					"$(inherited)",
					"@executable_path/../Frameworks",
				);
				MARKETING_VERSION = 1.0;
				PRODUCT_BUNDLE_IDENTIFIER = software.Terran.SwiftPatterns;
				PRODUCT_NAME = "$(TARGET_NAME)";
				SWIFT_EMIT_LOC_STRINGS = YES;
				SWIFT_VERSION = 5.0;
			};
			name = Release;
		};
/* End XCBuildConfiguration section */

/* Begin XCConfigurationList section */
		92B1F4B52B581B1400223D89 /* Build configuration list for PBXProject "SwiftPatterns" */ = {
			isa = XCConfigurationList;
			buildConfigurations = (
				92B1F4DD2B581B1500223D89 /* Debug */,
				92B1F4DE2B581B1500223D89 /* Release */,
			);
			defaultConfigurationIsVisible = 0;
			defaultConfigurationName = Release;
		};
		92B1F4DF2B581B1500223D89 /* Build configuration list for PBXNativeTarget "SwiftPatterns" */ = {
			isa = XCConfigurationList;
			buildConfigurations = (
				92B1F4E02B581B1500223D89 /* Debug */,
				92B1F4E12B581B1500223D89 /* Release */,
			);
			defaultConfigurationIsVisible = 0;
			defaultConfigurationName = Release;
		};
/* End XCConfigurationList section */

/* Begin XCRemoteSwiftPackageReference section */
		92D3F3112B70266C00208642 /* XCRemoteSwiftPackageReference "swift-async-dns-resolver" */ = {
			isa = XCRemoteSwiftPackageReference;
			repositoryURL = "https://github.com/apple/swift-async-dns-resolver";
			requirement = {
				kind = upToNextMajorVersion;
				minimumVersion = 0.1.2;
			};
		};
/* End XCRemoteSwiftPackageReference section */

/* Begin XCSwiftPackageProductDependency section */
		92D3F3122B70266C00208642 /* AsyncDNSResolver */ = {
			isa = XCSwiftPackageProductDependency;
			package = 92D3F3112B70266C00208642 /* XCRemoteSwiftPackageReference "swift-async-dns-resolver" */;
			productName = AsyncDNSResolver;
		};
/* End XCSwiftPackageProductDependency section */
	};
	rootObject = 92B1F4B22B581B1400223D89 /* Project object */;
}
